
Microsoft Visual Studio Solution File, Format Version 12.00
# Visual Studio Version 17
VisualStudioVersion = 17.4.33213.308
MinimumVisualStudioVersion = 10.0.40219.1
Project("{FAE04EC0-301F-11D3-BF4B-00C04F79EFBC}") = "YuanDaHomeworkApplication", "YuanDaHomeworkApplication\YuanDaHomeworkApplication.csproj", "{A550A8FE-DB9D-450B-91AD-F1086F3652B3}"
EndProject
Global
	GlobalSection(SolutionConfigurationPlatforms) = preSolution
		Debug|Any CPU = Debug|Any CPU
		Release|Any CPU = Release|Any CPU
	EndGlobalSection
	GlobalSection(ProjectConfigurationPlatforms) = postSolution
		{A550A8FE-DB9D-450B-91AD-F1086F3652B3}.Debug|Any CPU.ActiveCfg = Debug|Any CPU
		{A550A8FE-DB9D-450B-91AD-F1086F3652B3}.Debug|Any CPU.Build.0 = Debug|Any CPU
		{A550A8FE-DB9D-450B-91AD-F1086F3652B3}.Release|Any CPU.ActiveCfg = Release|Any CPU
		{A550A8FE-DB9D-450B-91AD-F1086F3652B3}.Release|Any CPU.Build.0 = Release|Any CPU
	EndGlobalSection
	GlobalSection(SolutionProperties) = preSolution
		HideSolutionNode = FALSE
	EndGlobalSection
	GlobalSection(ExtensibilityGlobals) = postSolution
		SolutionGuid = {5DFE9CD1-050A-477B-B9C3-3180BD4B5D2F}
	EndGlobalSection
EndGlobal
